// !$*UTF8*$!
{
	archiveVersion = 1;
	classes = {
	};
	objectVersion = 77;
	objects = {

/* Begin PBXBuildFile section */
		0F83E26443735866DB5FC793 /* main.swift in Sources */ = {isa = PBXBuildFile; fileRef = 9DC22CD11479B2C9FC62F7A0 /* main.swift */; };
		14EAC5B0973436D431AE7153 /* MainSplitViewController.swift in Sources */ = {isa = PBXBuildFile; fileRef = 677ED311C0A0AC32FEDF5C9E /* MainSplitViewController.swift */; };
		2C18E0FE8C18A73791678DC2 /* MissionControlViewController.swift in Sources */ = {isa = PBXBuildFile; fileRef = B6F03047FF22E0433924BDD7 /* MissionControlViewController.swift */; };
		4A2BA6E287B0E5E51054F35F /* libvibecrafted_shell_ffi.dylib in Frameworks */ = {isa = PBXBuildFile; fileRef = 66F000337318E7E1E774D5AD /* libvibecrafted_shell_ffi.dylib */; };
		65E37AF5DAC0EC25D709DDB5 /* MainWindowController.swift in Sources */ = {isa = PBXBuildFile; fileRef = AD9D34C38918A44FDA163417 /* MainWindowController.swift */; };
		843BFAC3521E7E073E09D819 /* NotificationManager.swift in Sources */ = {isa = PBXBuildFile; fileRef = D4B8B7CA9D74B4B887436010 /* NotificationManager.swift */; };
		A60320E009ED2630B2CD138A /* SidebarViewController.swift in Sources */ = {isa = PBXBuildFile; fileRef = 018846F7BFF32DDA55BEB6B3 /* SidebarViewController.swift */; };
		AD8EDDBFCA0E035A3127FE9D /* vibecrafted_shell_ffi.swift in Sources */ = {isa = PBXBuildFile; fileRef = 670FB28076F3623946392EE2 /* vibecrafted_shell_ffi.swift */; };
		AED4BA44792B0934E269B0C9 /* InspectorViewController.swift in Sources */ = {isa = PBXBuildFile; fileRef = 9DC7FC1EB764722753755233 /* InspectorViewController.swift */; };
		C8D308CC3EA6BC966B597FFF /* Vibecrafted.icns in Resources */ = {isa = PBXBuildFile; fileRef = 915E8799B77EBAA0B9A10DFF /* Vibecrafted.icns */; };
		D3552D0D169AC41B576D5826 /* AppDelegate.swift in Sources */ = {isa = PBXBuildFile; fileRef = AD135782CD6D34B7A4639DF0 /* AppDelegate.swift */; };
		F1F6DE9CF09A4B0E5BBAF04C /* CanvasViewController.swift in Sources */ = {isa = PBXBuildFile; fileRef = CB08FBAC6D3A32EA7AA68548 /* CanvasViewController.swift */; };
		FA200B41B03563783AE94B11 /* libvibecrafted_shell_ffi.dylib in Embed Frameworks */ = {isa = PBXBuildFile; fileRef = 66F000337318E7E1E774D5AD /* libvibecrafted_shell_ffi.dylib */; settings = {ATTRIBUTES = (CodeSignOnCopy, RemoveHeadersOnCopy, ); }; };
/* End PBXBuildFile section */

/* Begin PBXCopyFilesBuildPhase section */
		B5CE407F90D607E9182E30A6 /* Embed Frameworks */ = {
			isa = PBXCopyFilesBuildPhase;
			buildActionMask = 2147483647;
			dstPath = "";
			dstSubfolderSpec = 10;
			files = (
				FA200B41B03563783AE94B11 /* libvibecrafted_shell_ffi.dylib in Embed Frameworks */,
			);
			name = "Embed Frameworks";
			runOnlyForDeploymentPostprocessing = 0;
		};
/* End PBXCopyFilesBuildPhase section */

/* Begin PBXFileReference section */
		018846F7BFF32DDA55BEB6B3 /* SidebarViewController.swift */ = {isa = PBXFileReference; lastKnownFileType = sourcecode.swift; path = SidebarViewController.swift; sourceTree = "<group>"; };
		0AE9F2A66C4AB43ADF27641A /* .gitkeep */ = {isa = PBXFileReference; path = .gitkeep; sourceTree = "<group>"; };
		66EC2ADEE7E46C767159D503 /* Vibecrafted.app */ = {isa = PBXFileReference; explicitFileType = wrapper.application; includeInIndex = 0; path = Vibecrafted.app; sourceTree = BUILT_PRODUCTS_DIR; };
		66F000337318E7E1E774D5AD /* libvibecrafted_shell_ffi.dylib */ = {isa = PBXFileReference; lastKnownFileType = "compiled.mach-o.dylib"; name = libvibecrafted_shell_ffi.dylib; path = ../../target/release/libvibecrafted_shell_ffi.dylib; sourceTree = "<group>"; };
		670FB28076F3623946392EE2 /* vibecrafted_shell_ffi.swift */ = {isa = PBXFileReference; lastKnownFileType = sourcecode.swift; path = vibecrafted_shell_ffi.swift; sourceTree = "<group>"; };
		677ED311C0A0AC32FEDF5C9E /* MainSplitViewController.swift */ = {isa = PBXFileReference; lastKnownFileType = sourcecode.swift; path = MainSplitViewController.swift; sourceTree = "<group>"; };
		915E8799B77EBAA0B9A10DFF /* Vibecrafted.icns */ = {isa = PBXFileReference; lastKnownFileType = image.icns; path = Vibecrafted.icns; sourceTree = "<group>"; };
		9DC22CD11479B2C9FC62F7A0 /* main.swift */ = {isa = PBXFileReference; lastKnownFileType = sourcecode.swift; path = main.swift; sourceTree = "<group>"; };
		9DC7FC1EB764722753755233 /* InspectorViewController.swift */ = {isa = PBXFileReference; lastKnownFileType = sourcecode.swift; path = InspectorViewController.swift; sourceTree = "<group>"; };
		AD135782CD6D34B7A4639DF0 /* AppDelegate.swift */ = {isa = PBXFileReference; lastKnownFileType = sourcecode.swift; path = AppDelegate.swift; sourceTree = "<group>"; };
		AD9D34C38918A44FDA163417 /* MainWindowController.swift */ = {isa = PBXFileReference; lastKnownFileType = sourcecode.swift; path = MainWindowController.swift; sourceTree = "<group>"; };
		B6F03047FF22E0433924BDD7 /* MissionControlViewController.swift */ = {isa = PBXFileReference; lastKnownFileType = sourcecode.swift; path = MissionControlViewController.swift; sourceTree = "<group>"; };
		CB08FBAC6D3A32EA7AA68548 /* CanvasViewController.swift */ = {isa = PBXFileReference; lastKnownFileType = sourcecode.swift; path = CanvasViewController.swift; sourceTree = "<group>"; };
		D4B8B7CA9D74B4B887436010 /* NotificationManager.swift */ = {isa = PBXFileReference; lastKnownFileType = sourcecode.swift; path = NotificationManager.swift; sourceTree = "<group>"; };
/* End PBXFileReference section */

/* Begin PBXFrameworksBuildPhase section */
		015CE8C17BD0DD3E250BC1B0 /* Frameworks */ = {
			isa = PBXFrameworksBuildPhase;
			buildActionMask = 2147483647;
			files = (
				4A2BA6E287B0E5E51054F35F /* libvibecrafted_shell_ffi.dylib in Frameworks */,
			);
			runOnlyForDeploymentPostprocessing = 0;
		};
/* End PBXFrameworksBuildPhase section */

/* Begin PBXGroup section */
		1B93B22B922052B6D58CB4EB /* Vibecrafted */ = {
			isa = PBXGroup;
			children = (
				0AE9F2A66C4AB43ADF27641A /* .gitkeep */,
				AD135782CD6D34B7A4639DF0 /* AppDelegate.swift */,
				9DC22CD11479B2C9FC62F7A0 /* main.swift */,
				D4B8B7CA9D74B4B887436010 /* NotificationManager.swift */,
				915E8799B77EBAA0B9A10DFF /* Vibecrafted.icns */,
				A2D426BFC3DA1DF414A5E096 /* Bridge */,
				9FFF832B23463AAAFCA9150D /* Views */,
			);
			path = Vibecrafted;
			sourceTree = "<group>";
		};
		3907FEAC328882CF9D256BA5 = {
			isa = PBXGroup;
			children = (
				1B93B22B922052B6D58CB4EB /* Vibecrafted */,
				4CE0EF52F6A1AE4402F5E427 /* Frameworks */,
				7C875D8B1DE1322A5D94E60B /* Products */,
			);
			sourceTree = "<group>";
		};
		4CE0EF52F6A1AE4402F5E427 /* Frameworks */ = {
			isa = PBXGroup;
			children = (
				66F000337318E7E1E774D5AD /* libvibecrafted_shell_ffi.dylib */,
			);
			name = Frameworks;
			sourceTree = "<group>";
		};
		7C875D8B1DE1322A5D94E60B /* Products */ = {
			isa = PBXGroup;
			children = (
				66EC2ADEE7E46C767159D503 /* Vibecrafted.app */,
			);
			name = Products;
			sourceTree = "<group>";
		};
		9FFF832B23463AAAFCA9150D /* Views */ = {
			isa = PBXGroup;
			children = (
				CB08FBAC6D3A32EA7AA68548 /* CanvasViewController.swift */,
				9DC7FC1EB764722753755233 /* InspectorViewController.swift */,
				677ED311C0A0AC32FEDF5C9E /* MainSplitViewController.swift */,
				AD9D34C38918A44FDA163417 /* MainWindowController.swift */,
				B6F03047FF22E0433924BDD7 /* MissionControlViewController.swift */,
				018846F7BFF32DDA55BEB6B3 /* SidebarViewController.swift */,
			);
			path = Views;
			sourceTree = "<group>";
		};
		A2D426BFC3DA1DF414A5E096 /* Bridge */ = {
			isa = PBXGroup;
			children = (
				670FB28076F3623946392EE2 /* vibecrafted_shell_ffi.swift */,
			);
			path = Bridge;
			sourceTree = "<group>";
		};
/* End PBXGroup section */

/* Begin PBXNativeTarget section */
		1ACCA333474D06C6E9378FEF /* Vibecrafted */ = {
			isa = PBXNativeTarget;
			buildConfigurationList = CE13A064BDAD522E149B07DD /* Build configuration list for PBXNativeTarget "Vibecrafted" */;
			buildPhases = (
				80F542BE7AAC1F9A358F5919 /* Build Rust FFI */,
				3FAD01166F3AB65C7E6A005F /* Sources */,
				5C09F58E39B5124D10F145E3 /* Resources */,
				015CE8C17BD0DD3E250BC1B0 /* Frameworks */,
				B5CE407F90D607E9182E30A6 /* Embed Frameworks */,
				B1AC2505E58398D692EF0A46 /* Build Rust binaries */,
			);
			buildRules = (
			);
			dependencies = (
			);
			name = Vibecrafted;
			packageProductDependencies = (
			);
			productName = Vibecrafted;
			productReference = 66EC2ADEE7E46C767159D503 /* Vibecrafted.app */;
			productType = "com.apple.product-type.application";
		};
/* End PBXNativeTarget section */

/* Begin PBXProject section */
		39668BB660972BC933C8618E /* Project object */ = {
			isa = PBXProject;
			attributes = {
				BuildIndependentTargetsInParallel = YES;
				LastUpgradeCheck = 1600;
				TargetAttributes = {
					1ACCA333474D06C6E9378FEF = {
						ProvisioningStyle = Manual;
					};
				};
			};
			buildConfigurationList = 562EBA724EB39ABF14AC75F6 /* Build configuration list for PBXProject "Vibecrafted" */;
			developmentRegion = en;
			hasScannedForEncodings = 0;
			knownRegions = (
				Base,
				en,
			);
			mainGroup = 3907FEAC328882CF9D256BA5;
			minimizedProjectReferenceProxies = 1;
			preferredProjectObjectVersion = 77;
			productRefGroup = 7C875D8B1DE1322A5D94E60B /* Products */;
			projectDirPath = "";
			projectRoot = "";
			targets = (
				1ACCA333474D06C6E9378FEF /* Vibecrafted */,
			);
		};
/* End PBXProject section */

/* Begin PBXResourcesBuildPhase section */
		5C09F58E39B5124D10F145E3 /* Resources */ = {
			isa = PBXResourcesBuildPhase;
			buildActionMask = 2147483647;
			files = (
				C8D308CC3EA6BC966B597FFF /* Vibecrafted.icns in Resources */,
			);
			runOnlyForDeploymentPostprocessing = 0;
		};
/* End PBXResourcesBuildPhase section */

/* Begin PBXShellScriptBuildPhase section */
		80F542BE7AAC1F9A358F5919 /* Build Rust FFI */ = {
			isa = PBXShellScriptBuildPhase;
			buildActionMask = 2147483647;
			files = (
			);
			inputFileListPaths = (
			);
			inputPaths = (
			);
			name = "Build Rust FFI";
			outputFileListPaths = (
			);
			outputPaths = (
			);
			runOnlyForDeploymentPostprocessing = 0;
			shellPath = /bin/sh;
			shellScript = "export MACOSX_DEPLOYMENT_TARGET=\"${MACOSX_DEPLOYMENT_TARGET:-14.0}\"\ncd \"$PROJECT_DIR/../..\" && cargo build -p vibecrafted-shell-ffi --release\n./shell-agent/scripts/fix-dylib-install-names.sh\ncargo run -p vibecrafted-uniffi-bindgen -- generate --library target/release/libvibecrafted_shell_ffi.dylib --language swift --out-dir shell-agent/app/Vibecrafted/Bridge/\n./shell-agent/scripts/normalize-bindings.sh shell-agent/app/Vibecrafted/Bridge\n";
		};
		B1AC2505E58398D692EF0A46 /* Build Rust binaries */ = {
			isa = PBXShellScriptBuildPhase;
			buildActionMask = 2147483647;
			files = (
			);
			inputFileListPaths = (
			);
			inputPaths = (
			);
			name = "Build Rust binaries";
			outputFileListPaths = (
			);
			outputPaths = (
			);
			runOnlyForDeploymentPostprocessing = 0;
			shellPath = /bin/bash;
			shellScript = "bash $SRCROOT/../scripts/build-rust-binaries.sh\nbash $SRCROOT/../scripts/fix-dylib-install-names.sh \"$TARGET_BUILD_DIR/$CONTENTS_FOLDER_PATH\"\n";
		};
/* End PBXShellScriptBuildPhase section */

/* Begin PBXSourcesBuildPhase section */
		3FAD01166F3AB65C7E6A005F /* Sources */ = {
			isa = PBXSourcesBuildPhase;
			buildActionMask = 2147483647;
			files = (
				D3552D0D169AC41B576D5826 /* AppDelegate.swift in Sources */,
				F1F6DE9CF09A4B0E5BBAF04C /* CanvasViewController.swift in Sources */,
				AED4BA44792B0934E269B0C9 /* InspectorViewController.swift in Sources */,
				14EAC5B0973436D431AE7153 /* MainSplitViewController.swift in Sources */,
				65E37AF5DAC0EC25D709DDB5 /* MainWindowController.swift in Sources */,
				2C18E0FE8C18A73791678DC2 /* MissionControlViewController.swift in Sources */,
				843BFAC3521E7E073E09D819 /* NotificationManager.swift in Sources */,
				A60320E009ED2630B2CD138A /* SidebarViewController.swift in Sources */,
				0F83E26443735866DB5FC793 /* main.swift in Sources */,
				AD8EDDBFCA0E035A3127FE9D /* vibecrafted_shell_ffi.swift in Sources */,
			);
			runOnlyForDeploymentPostprocessing = 0;
		};
/* End PBXSourcesBuildPhase section */

/* Begin XCBuildConfiguration section */
		3424F71B364B0A848B7A1C03 /* Release */ = {
			isa = XCBuildConfiguration;
			buildSettings = {
				ASSETCATALOG_COMPILER_APPICON_NAME = "";
				CODE_SIGN_IDENTITY = "-";
				CODE_SIGN_STYLE = Manual;
				COMBINE_HIDPI_IMAGES = YES;
				CURRENT_PROJECT_VERSION = 1;
				FRAMEWORK_SEARCH_PATHS = (
					"$(inherited)",
					"\"../../target/release\"",
				);
				GCC_OPTIMIZATION_LEVEL = s;
				GENERATE_INFOPLIST_FILE = NO;
				HEADER_SEARCH_PATHS = (
					"$(PROJECT_DIR)/Vibecrafted/Bridge",
				);
				INFOPLIST_FILE = Vibecrafted/Info.plist;
				LD_RUNPATH_SEARCH_PATHS = (
					"$(inherited)",
					"@executable_path/../Frameworks",
				);
				LIBRARY_SEARCH_PATHS = (
					"$(PROJECT_DIR)/../../target/release",
				);
				MARKETING_VERSION = 0.1.0;
				OTHER_LDFLAGS = (
					"$(PROJECT_DIR)/../../target/release/libvibecrafted_shell_ffi.a",
					"-framework",
					Security,
					"-framework",
					SystemConfiguration,
					"-framework",
					Carbon,
					"-framework",
					UserNotifications,
				);
				PRODUCT_BUNDLE_IDENTIFIER = io.vetcoders.vibecrafted;
				SDKROOT = macosx;
				SWIFT_COMPILATION_MODE = wholemodule;
				SWIFT_OBJC_BRIDGING_HEADER = Vibecrafted/Bridge/vibecrafted_shell_ffiFFI.h;
				SWIFT_OPTIMIZATION_LEVEL = "-O";
			};
			name = Release;
		};
		5DEDBE02B5B1BABA92A6CD72 /* Debug */ = {
			isa = XCBuildConfiguration;
			buildSettings = {
				ALWAYS_SEARCH_USER_PATHS = NO;
				CLANG_ANALYZER_NONNULL = YES;
				CLANG_ANALYZER_NUMBER_OBJECT_CONVERSION = YES_AGGRESSIVE;
				CLANG_CXX_LANGUAGE_STANDARD = "gnu++14";
				CLANG_CXX_LIBRARY = "libc++";
				CLANG_ENABLE_MODULES = YES;
				CLANG_ENABLE_OBJC_ARC = YES;
				CLANG_ENABLE_OBJC_WEAK = YES;
				CLANG_WARN_BLOCK_CAPTURE_AUTORELEASING = YES;
				CLANG_WARN_BOOL_CONVERSION = YES;
				CLANG_WARN_COMMA = YES;
				CLANG_WARN_CONSTANT_CONVERSION = YES;
				CLANG_WARN_DEPRECATED_OBJC_IMPLEMENTATIONS = YES;
				CLANG_WARN_DIRECT_OBJC_ISA_USAGE = YES_ERROR;
				CLANG_WARN_DOCUMENTATION_COMMENTS = YES;
				CLANG_WARN_EMPTY_BODY = YES;
				CLANG_WARN_ENUM_CONVERSION = YES;
				CLANG_WARN_INFINITE_RECURSION = YES;
				CLANG_WARN_INT_CONVERSION = YES;
				CLANG_WARN_NON_LITERAL_NULL_CONVERSION = YES;
				CLANG_WARN_OBJC_IMPLICIT_RETAIN_SELF = YES;
				CLANG_WARN_OBJC_LITERAL_CONVERSION = YES;
				CLANG_WARN_OBJC_ROOT_CLASS = YES_ERROR;
				CLANG_WARN_QUOTED_INCLUDE_IN_FRAMEWORK_HEADER = YES;
				CLANG_WARN_RANGE_LOOP_ANALYSIS = YES;
				CLANG_WARN_STRICT_PROTOTYPES = YES;
				CLANG_WARN_SUSPICIOUS_MOVE = YES;
				CLANG_WARN_UNGUARDED_AVAILABILITY = YES_AGGRESSIVE;
				CLANG_WARN_UNREACHABLE_CODE = YES;
				CLANG_WARN__DUPLICATE_METHOD_MATCH = YES;
				COPY_PHASE_STRIP = NO;
				DEBUG_INFORMATION_FORMAT = dwarf;
				ENABLE_STRICT_OBJC_MSGSEND = YES;
				ENABLE_TESTABILITY = YES;
				GCC_C_LANGUAGE_STANDARD = gnu11;
				GCC_DYNAMIC_NO_PIC = NO;
				GCC_NO_COMMON_BLOCKS = YES;
				GCC_OPTIMIZATION_LEVEL = 0;
				GCC_PREPROCESSOR_DEFINITIONS = (
					"$(inherited)",
					"DEBUG=1",
				);
				GCC_WARN_64_TO_32_BIT_CONVERSION = YES;
				GCC_WARN_ABOUT_RETURN_TYPE = YES_ERROR;
				GCC_WARN_UNDECLARED_SELECTOR = YES;
				GCC_WARN_UNINITIALIZED_AUTOS = YES_AGGRESSIVE;
				GCC_WARN_UNUSED_FUNCTION = YES;
				GCC_WARN_UNUSED_VARIABLE = YES;
				MACOSX_DEPLOYMENT_TARGET = 14.0;
				MTL_ENABLE_DEBUG_INFO = INCLUDE_SOURCE;
				MTL_FAST_MATH = YES;
				ONLY_ACTIVE_ARCH = YES;
				PRODUCT_NAME = "$(TARGET_NAME)";
				SDKROOT = macosx;
				SWIFT_ACTIVE_COMPILATION_CONDITIONS = DEBUG;
				SWIFT_OPTIMIZATION_LEVEL = "-Onone";
				SWIFT_VERSION = 6.0;
			};
			name = Debug;
		};
		6BA388368F975EFE2B838040 /* Debug */ = {
			isa = XCBuildConfiguration;
			buildSettings = {
				ASSETCATALOG_COMPILER_APPICON_NAME = "";
				CODE_SIGN_IDENTITY = "-";
				CODE_SIGN_STYLE = Manual;
				COMBINE_HIDPI_IMAGES = YES;
				CURRENT_PROJECT_VERSION = 1;
				FRAMEWORK_SEARCH_PATHS = (
					"$(inherited)",
					"\"../../target/release\"",
				);
				GENERATE_INFOPLIST_FILE = NO;
				HEADER_SEARCH_PATHS = (
					"$(PROJECT_DIR)/Vibecrafted/Bridge",
				);
				INFOPLIST_FILE = Vibecrafted/Info.plist;
				LD_RUNPATH_SEARCH_PATHS = (
					"$(inherited)",
					"@executable_path/../Frameworks",
				);
				LIBRARY_SEARCH_PATHS = (
					"$(PROJECT_DIR)/../../target/release",
				);
				MARKETING_VERSION = 0.1.0;
				OTHER_LDFLAGS = (
					"$(PROJECT_DIR)/../../target/release/libvibecrafted_shell_ffi.a",
					"-framework",
					Security,
					"-framework",
					SystemConfiguration,
					"-framework",
					Carbon,
					"-framework",
					UserNotifications,
				);
				PRODUCT_BUNDLE_IDENTIFIER = io.vetcoders.vibecrafted;
				SDKROOT = macosx;
				SWIFT_OBJC_BRIDGING_HEADER = Vibecrafted/Bridge/vibecrafted_shell_ffiFFI.h;
			};
			name = Debug;
		};
		859B5E01DDCDFBD9B78C5B23 /* Release */ = {
			isa = XCBuildConfiguration;
			buildSettings = {
				ALWAYS_SEARCH_USER_PATHS = NO;
				CLANG_ANALYZER_NONNULL = YES;
				CLANG_ANALYZER_NUMBER_OBJECT_CONVERSION = YES_AGGRESSIVE;
				CLANG_CXX_LANGUAGE_STANDARD = "gnu++14";
				CLANG_CXX_LIBRARY = "libc++";
				CLANG_ENABLE_MODULES = YES;
				CLANG_ENABLE_OBJC_ARC = YES;
				CLANG_ENABLE_OBJC_WEAK = YES;
				CLANG_WARN_BLOCK_CAPTURE_AUTORELEASING = YES;
				CLANG_WARN_BOOL_CONVERSION = YES;
				CLANG_WARN_COMMA = YES;
				CLANG_WARN_CONSTANT_CONVERSION = YES;
				CLANG_WARN_DEPRECATED_OBJC_IMPLEMENTATIONS = YES;
				CLANG_WARN_DIRECT_OBJC_ISA_USAGE = YES_ERROR;
				CLANG_WARN_DOCUMENTATION_COMMENTS = YES;
				CLANG_WARN_EMPTY_BODY = YES;
				CLANG_WARN_ENUM_CONVERSION = YES;
				CLANG_WARN_INFINITE_RECURSION = YES;
				CLANG_WARN_INT_CONVERSION = YES;
				CLANG_WARN_NON_LITERAL_NULL_CONVERSION = YES;
				CLANG_WARN_OBJC_IMPLICIT_RETAIN_SELF = YES;
				CLANG_WARN_OBJC_LITERAL_CONVERSION = YES;
				CLANG_WARN_OBJC_ROOT_CLASS = YES_ERROR;
				CLANG_WARN_QUOTED_INCLUDE_IN_FRAMEWORK_HEADER = YES;
				CLANG_WARN_RANGE_LOOP_ANALYSIS = YES;
				CLANG_WARN_STRICT_PROTOTYPES = YES;
				CLANG_WARN_SUSPICIOUS_MOVE = YES;
				CLANG_WARN_UNGUARDED_AVAILABILITY = YES_AGGRESSIVE;
				CLANG_WARN_UNREACHABLE_CODE = YES;
				CLANG_WARN__DUPLICATE_METHOD_MATCH = YES;
				COPY_PHASE_STRIP = NO;
				DEBUG_INFORMATION_FORMAT = "dwarf-with-dsym";
				ENABLE_NS_ASSERTIONS = NO;
				ENABLE_STRICT_OBJC_MSGSEND = YES;
				GCC_C_LANGUAGE_STANDARD = gnu11;
				GCC_NO_COMMON_BLOCKS = YES;
				GCC_WARN_64_TO_32_BIT_CONVERSION = YES;
				GCC_WARN_ABOUT_RETURN_TYPE = YES_ERROR;
				GCC_WARN_UNDECLARED_SELECTOR = YES;
				GCC_WARN_UNINITIALIZED_AUTOS = YES_AGGRESSIVE;
				GCC_WARN_UNUSED_FUNCTION = YES;
				GCC_WARN_UNUSED_VARIABLE = YES;
				MACOSX_DEPLOYMENT_TARGET = 14.0;
				MTL_ENABLE_DEBUG_INFO = NO;
				MTL_FAST_MATH = YES;
				PRODUCT_NAME = "$(TARGET_NAME)";
				SDKROOT = macosx;
				SWIFT_COMPILATION_MODE = wholemodule;
				SWIFT_OPTIMIZATION_LEVEL = "-O";
				SWIFT_VERSION = 6.0;
			};
			name = Release;
		};
/* End XCBuildConfiguration section */

/* Begin XCConfigurationList section */
		562EBA724EB39ABF14AC75F6 /* Build configuration list for PBXProject "Vibecrafted" */ = {
			isa = XCConfigurationList;
			buildConfigurations = (
				5DEDBE02B5B1BABA92A6CD72 /* Debug */,
				859B5E01DDCDFBD9B78C5B23 /* Release */,
			);
			defaultConfigurationIsVisible = 0;
			defaultConfigurationName = Debug;
		};
		CE13A064BDAD522E149B07DD /* Build configuration list for PBXNativeTarget "Vibecrafted" */ = {
			isa = XCConfigurationList;
			buildConfigurations = (
				6BA388368F975EFE2B838040 /* Debug */,
				3424F71B364B0A848B7A1C03 /* Release */,
			);
			defaultConfigurationIsVisible = 0;
			defaultConfigurationName = Debug;
		};
/* End XCConfigurationList section */
	};
	rootObject = 39668BB660972BC933C8618E /* Project object */;
}
